// !$*UTF8*$!
{
	archiveVersion = 1;
	classes = {
	};
	objectVersion = 51;
	objects = {

/* Begin PBXBuildFile section */
		41DE9A9D235E33AE005071E4 /* Genre.swift in Sources */ = {isa = PBXBuildFile; fileRef = 41DE9A9C235E33AE005071E4 /* Genre.swift */; };
		41FC6704235E21A60036D105 /* AppDelegate.swift in Sources */ = {isa = PBXBuildFile; fileRef = 41FC6703235E21A60036D105 /* AppDelegate.swift */; };
		41FC6706235E21A60036D105 /* SceneDelegate.swift in Sources */ = {isa = PBXBuildFile; fileRef = 41FC6705235E21A60036D105 /* SceneDelegate.swift */; };
		41FC6708235E21A60036D105 /* ViewController.swift in Sources */ = {isa = PBXBuildFile; fileRef = 41FC6707235E21A60036D105 /* ViewController.swift */; };
		41FC670B235E21A60036D105 /* Main.storyboard in Resources */ = {isa = PBXBuildFile; fileRef = 41FC6709235E21A60036D105 /* Main.storyboard */; };
		41FC670D235E21A70036D105 /* Assets.xcassets in Resources */ = {isa = PBXBuildFile; fileRef = 41FC670C235E21A70036D105 /* Assets.xcassets */; };
		41FC6710235E21A70036D105 /* LaunchScreen.storyboard in Resources */ = {isa = PBXBuildFile; fileRef = 41FC670E235E21A70036D105 /* LaunchScreen.storyboard */; };
		41FC6719235E27C10036D105 /* AppleItunesMedia.swift in Sources */ = {isa = PBXBuildFile; fileRef = 41FC6718235E27C10036D105 /* AppleItunesMedia.swift */; };
		6638C6EA7C6AFC31A9394D65 /* Pods_STS_IOSCodingChallenge.framework in Frameworks */ = {isa = PBXBuildFile; fileRef = 84448826748A90CA0CC0313E /* Pods_STS_IOSCodingChallenge.framework */; };
/* End PBXBuildFile section */

/* Begin PBXFileReference section */
		187B2C792DC525CF3674BC8D /* Pods-STS_IOSCodingChallenge.release.xcconfig */ = {isa = PBXFileReference; includeInIndex = 1; lastKnownFileType = text.xcconfig; name = "Pods-STS_IOSCodingChallenge.release.xcconfig"; path = "Target Support Files/Pods-STS_IOSCodingChallenge/Pods-STS_IOSCodingChallenge.release.xcconfig"; sourceTree = "<group>"; };
		41DE9A9C235E33AE005071E4 /* Genre.swift */ = {isa = PBXFileReference; lastKnownFileType = sourcecode.swift; path = Genre.swift; sourceTree = "<group>"; };
		41FC6700235E21A60036D105 /* STS_IOSCodingChallenge.app */ = {isa = PBXFileReference; explicitFileType = wrapper.application; includeInIndex = 0; path = STS_IOSCodingChallenge.app; sourceTree = BUILT_PRODUCTS_DIR; };
		41FC6703235E21A60036D105 /* AppDelegate.swift */ = {isa = PBXFileReference; lastKnownFileType = sourcecode.swift; path = AppDelegate.swift; sourceTree = "<group>"; };
		41FC6705235E21A60036D105 /* SceneDelegate.swift */ = {isa = PBXFileReference; lastKnownFileType = sourcecode.swift; path = SceneDelegate.swift; sourceTree = "<group>"; };
		41FC6707235E21A60036D105 /* ViewController.swift */ = {isa = PBXFileReference; lastKnownFileType = sourcecode.swift; path = ViewController.swift; sourceTree = "<group>"; };
		41FC670A235E21A60036D105 /* Base */ = {isa = PBXFileReference; lastKnownFileType = file.storyboard; name = Base; path = Base.lproj/Main.storyboard; sourceTree = "<group>"; };
		41FC670C235E21A70036D105 /* Assets.xcassets */ = {isa = PBXFileReference; lastKnownFileType = folder.assetcatalog; path = Assets.xcassets; sourceTree = "<group>"; };
		41FC670F235E21A70036D105 /* Base */ = {isa = PBXFileReference; lastKnownFileType = file.storyboard; name = Base; path = Base.lproj/LaunchScreen.storyboard; sourceTree = "<group>"; };
		41FC6711235E21A70036D105 /* Info.plist */ = {isa = PBXFileReference; lastKnownFileType = text.plist.xml; path = Info.plist; sourceTree = "<group>"; };
		41FC6718235E27C10036D105 /* AppleItunesMedia.swift */ = {isa = PBXFileReference; lastKnownFileType = sourcecode.swift; path = AppleItunesMedia.swift; sourceTree = "<group>"; };
		84448826748A90CA0CC0313E /* Pods_STS_IOSCodingChallenge.framework */ = {isa = PBXFileReference; explicitFileType = wrapper.framework; includeInIndex = 0; path = Pods_STS_IOSCodingChallenge.framework; sourceTree = BUILT_PRODUCTS_DIR; };
		F1A4A938B5BF7689712A92CD /* Pods-STS_IOSCodingChallenge.debug.xcconfig */ = {isa = PBXFileReference; includeInIndex = 1; lastKnownFileType = text.xcconfig; name = "Pods-STS_IOSCodingChallenge.debug.xcconfig"; path = "Target Support Files/Pods-STS_IOSCodingChallenge/Pods-STS_IOSCodingChallenge.debug.xcconfig"; sourceTree = "<group>"; };
/* End PBXFileReference section */

/* Begin PBXFrameworksBuildPhase section */
		41FC66FD235E21A60036D105 /* Frameworks */ = {
			isa = PBXFrameworksBuildPhase;
			buildActionMask = 2147483647;
			files = (
				6638C6EA7C6AFC31A9394D65 /* Pods_STS_IOSCodingChallenge.framework in Frameworks */,
			);
			runOnlyForDeploymentPostprocessing = 0;
		};
/* End PBXFrameworksBuildPhase section */

/* Begin PBXGroup section */
		319F7E584DA0738CBC741D6F /* Frameworks */ = {
			isa = PBXGroup;
			children = (
				84448826748A90CA0CC0313E /* Pods_STS_IOSCodingChallenge.framework */,
			);
			name = Frameworks;
			sourceTree = "<group>";
		};
		41FC66F7235E21A60036D105 = {
			isa = PBXGroup;
			children = (
				41FC6702235E21A60036D105 /* STS_IOSCodingChallenge */,
				41FC6701235E21A60036D105 /* Products */,
				8DBB561233A55A2A591B8D5D /* Pods */,
				319F7E584DA0738CBC741D6F /* Frameworks */,
			);
			sourceTree = "<group>";
		};
		41FC6701235E21A60036D105 /* Products */ = {
			isa = PBXGroup;
			children = (
				41FC6700235E21A60036D105 /* STS_IOSCodingChallenge.app */,
			);
			name = Products;
			sourceTree = "<group>";
		};
		41FC6702235E21A60036D105 /* STS_IOSCodingChallenge */ = {
			isa = PBXGroup;
			children = (
				41FC6717235E278F0036D105 /* Classes */,
				41FC6703235E21A60036D105 /* AppDelegate.swift */,
				41FC6705235E21A60036D105 /* SceneDelegate.swift */,
				41FC6707235E21A60036D105 /* ViewController.swift */,
				41FC6709235E21A60036D105 /* Main.storyboard */,
				41FC670C235E21A70036D105 /* Assets.xcassets */,
				41FC670E235E21A70036D105 /* LaunchScreen.storyboard */,
				41FC6711235E21A70036D105 /* Info.plist */,
			);
			path = STS_IOSCodingChallenge;
			sourceTree = "<group>";
		};
		41FC6717235E278F0036D105 /* Classes */ = {
			isa = PBXGroup;
			children = (
				41FC6718235E27C10036D105 /* AppleItunesMedia.swift */,
				41DE9A9C235E33AE005071E4 /* Genre.swift */,
			);
			path = Classes;
			sourceTree = "<group>";
		};
		8DBB561233A55A2A591B8D5D /* Pods */ = {
			isa = PBXGroup;
			children = (
				F1A4A938B5BF7689712A92CD /* Pods-STS_IOSCodingChallenge.debug.xcconfig */,
				187B2C792DC525CF3674BC8D /* Pods-STS_IOSCodingChallenge.release.xcconfig */,
			);
			path = Pods;
			sourceTree = "<group>";
		};
/* End PBXGroup section */

/* Begin PBXNativeTarget section */
		41FC66FF235E21A60036D105 /* STS_IOSCodingChallenge */ = {
			isa = PBXNativeTarget;
			buildConfigurationList = 41FC6714235E21A70036D105 /* Build configuration list for PBXNativeTarget "STS_IOSCodingChallenge" */;
			buildPhases = (
				680F56AD7D8309D6170EE8F9 /* [CP] Check Pods Manifest.lock */,
				41FC66FC235E21A60036D105 /* Sources */,
				41FC66FD235E21A60036D105 /* Frameworks */,
				41FC66FE235E21A60036D105 /* Resources */,
				D3ED3030090A0A8857BBE198 /* [CP] Embed Pods Frameworks */,
			);
			buildRules = (
			);
			dependencies = (
			);
			name = STS_IOSCodingChallenge;
			productName = STS_IOSCodingChallenge;
			productReference = 41FC6700235E21A60036D105 /* STS_IOSCodingChallenge.app */;
			productType = "com.apple.product-type.application";
		};
/* End PBXNativeTarget section */

/* Begin PBXProject section */
		41FC66F8235E21A60036D105 /* Project object */ = {
			isa = PBXProject;
			attributes = {
				LastSwiftUpdateCheck = 1110;
				LastUpgradeCheck = 1110;
				ORGANIZATIONNAME = "Spencer Shelton";
				TargetAttributes = {
					41FC66FF235E21A60036D105 = {
						CreatedOnToolsVersion = 11.1;
					};
				};
			};
			buildConfigurationList = 41FC66FB235E21A60036D105 /* Build configuration list for PBXProject "STS_IOSCodingChallenge" */;
			compatibilityVersion = "Xcode 9.3";
			developmentRegion = en;
			hasScannedForEncodings = 0;
			knownRegions = (
				en,
				Base,
			);
			mainGroup = 41FC66F7235E21A60036D105;
			productRefGroup = 41FC6701235E21A60036D105 /* Products */;
			projectDirPath = "";
			projectRoot = "";
			targets = (
				41FC66FF235E21A60036D105 /* STS_IOSCodingChallenge */,
			);
		};
/* End PBXProject section */

/* Begin PBXResourcesBuildPhase section */
		41FC66FE235E21A60036D105 /* Resources */ = {
			isa = PBXResourcesBuildPhase;
			buildActionMask = 2147483647;
			files = (
				41FC6710235E21A70036D105 /* LaunchScreen.storyboard in Resources */,
				41FC670D235E21A70036D105 /* Assets.xcassets in Resources */,
				41FC670B235E21A60036D105 /* Main.storyboard in Resources */,
			);
			runOnlyForDeploymentPostprocessing = 0;
		};
/* End PBXResourcesBuildPhase section */

/* Begin PBXShellScriptBuildPhase section */
		680F56AD7D8309D6170EE8F9 /* [CP] Check Pods Manifest.lock */ = {
			isa = PBXShellScriptBuildPhase;
			buildActionMask = 2147483647;
			files = (
			);
			inputFileListPaths = (
			);
			inputPaths = (
				"${PODS_PODFILE_DIR_PATH}/Podfile.lock",
				"${PODS_ROOT}/Manifest.lock",
			);
			name = "[CP] Check Pods Manifest.lock";
			outputFileListPaths = (
			);
			outputPaths = (
				"$(DERIVED_FILE_DIR)/Pods-STS_IOSCodingChallenge-checkManifestLockResult.txt",
			);
			runOnlyForDeploymentPostprocessing = 0;
			shellPath = /bin/sh;
			shellScript = "diff \"${PODS_PODFILE_DIR_PATH}/Podfile.lock\" \"${PODS_ROOT}/Manifest.lock\" > /dev/null\nif [ $? != 0 ] ; then\n    # print error to STDERR\n    echo \"error: The sandbox is not in sync with the Podfile.lock. Run 'pod install' or update your CocoaPods installation.\" >&2\n    exit 1\nfi\n# This output is used by Xcode 'outputs' to avoid re-running this script phase.\necho \"SUCCESS\" > \"${SCRIPT_OUTPUT_FILE_0}\"\n";
			showEnvVarsInLog = 0;
		};
		D3ED3030090A0A8857BBE198 /* [CP] Embed Pods Frameworks */ = {
			isa = PBXShellScriptBuildPhase;
			buildActionMask = 2147483647;
			files = (
			);
			inputFileListPaths = (
				"${PODS_ROOT}/Target Support Files/Pods-STS_IOSCodingChallenge/Pods-STS_IOSCodingChallenge-frameworks-${CONFIGURATION}-input-files.xcfilelist",
			);
			name = "[CP] Embed Pods Frameworks";
			outputFileListPaths = (
				"${PODS_ROOT}/Target Support Files/Pods-STS_IOSCodingChallenge/Pods-STS_IOSCodingChallenge-frameworks-${CONFIGURATION}-output-files.xcfilelist",
			);
			runOnlyForDeploymentPostprocessing = 0;
			shellPath = /bin/sh;
			shellScript = "\"${PODS_ROOT}/Target Support Files/Pods-STS_IOSCodingChallenge/Pods-STS_IOSCodingChallenge-frameworks.sh\"\n";
			showEnvVarsInLog = 0;
		};
/* End PBXShellScriptBuildPhase section */

/* Begin PBXSourcesBuildPhase section */
		41FC66FC235E21A60036D105 /* Sources */ = {
			isa = PBXSourcesBuildPhase;
			buildActionMask = 2147483647;
			files = (
				41FC6708235E21A60036D105 /* ViewController.swift in Sources */,
				41FC6704235E21A60036D105 /* AppDelegate.swift in Sources */,
				41FC6706235E21A60036D105 /* SceneDelegate.swift in Sources */,
				41FC6719235E27C10036D105 /* AppleItunesMedia.swift in Sources */,
				41DE9A9D235E33AE005071E4 /* Genre.swift in Sources */,
			);
			runOnlyForDeploymentPostprocessing = 0;
		};
/* End PBXSourcesBuildPhase section */

/* Begin PBXVariantGroup section */
		41FC6709235E21A60036D105 /* Main.storyboard */ = {
			isa = PBXVariantGroup;
			children = (
				41FC670A235E21A60036D105 /* Base */,
			);
			name = Main.storyboard;
			sourceTree = "<group>";
		};
		41FC670E235E21A70036D105 /* LaunchScreen.storyboard */ = {
			isa = PBXVariantGroup;
			children = (
				41FC670F235E21A70036D105 /* Base */,
			);
			name = LaunchScreen.storyboard;
			sourceTree = "<group>";
		};
/* End PBXVariantGroup section */

/* Begin XCBuildConfiguration section */
		41FC6712235E21A70036D105 /* Debug */ = {
			isa = XCBuildConfiguration;
			buildSettings = {
				ALWAYS_SEARCH_USER_PATHS = NO;
				CLANG_ANALYZER_NONNULL = YES;
				CLANG_ANALYZER_NUMBER_OBJECT_CONVERSION = YES_AGGRESSIVE;
				CLANG_CXX_LANGUAGE_STANDARD = "gnu++14";
				CLANG_CXX_LIBRARY = "libc++";
				CLANG_ENABLE_MODULES = YES;
				CLANG_ENABLE_OBJC_ARC = YES;
				CLANG_ENABLE_OBJC_WEAK = YES;
				CLANG_WARN_BLOCK_CAPTURE_AUTORELEASING = YES;
				CLANG_WARN_BOOL_CONVERSION = YES;
				CLANG_WARN_COMMA = YES;
				CLANG_WARN_CONSTANT_CONVERSION = YES;
				CLANG_WARN_DEPRECATED_OBJC_IMPLEMENTATIONS = YES;
				CLANG_WARN_DIRECT_OBJC_ISA_USAGE = YES_ERROR;
				CLANG_WARN_DOCUMENTATION_COMMENTS = YES;
				CLANG_WARN_EMPTY_BODY = YES;
				CLANG_WARN_ENUM_CONVERSION = YES;
				CLANG_WARN_INFINITE_RECURSION = YES;
				CLANG_WARN_INT_CONVERSION = YES;
				CLANG_WARN_NON_LITERAL_NULL_CONVERSION = YES;
				CLANG_WARN_OBJC_IMPLICIT_RETAIN_SELF = YES;
				CLANG_WARN_OBJC_LITERAL_CONVERSION = YES;
				CLANG_WARN_OBJC_ROOT_CLASS = YES_ERROR;
				CLANG_WARN_RANGE_LOOP_ANALYSIS = YES;
				CLANG_WARN_STRICT_PROTOTYPES = YES;
				CLANG_WARN_SUSPICIOUS_MOVE = YES;
				CLANG_WARN_UNGUARDED_AVAILABILITY = YES_AGGRESSIVE;
				CLANG_WARN_UNREACHABLE_CODE = YES;
				CLANG_WARN__DUPLICATE_METHOD_MATCH = YES;
				COPY_PHASE_STRIP = NO;
				DEBUG_INFORMATION_FORMAT = dwarf;
				ENABLE_STRICT_OBJC_MSGSEND = YES;
				ENABLE_TESTABILITY = YES;
				GCC_C_LANGUAGE_STANDARD = gnu11;
				GCC_DYNAMIC_NO_PIC = NO;
				GCC_NO_COMMON_BLOCKS = YES;
				GCC_OPTIMIZATION_LEVEL = 0;
				GCC_PREPROCESSOR_DEFINITIONS = (
					"DEBUG=1",
					"$(inherited)",
				);
				GCC_WARN_64_TO_32_BIT_CONVERSION = YES;
				GCC_WARN_ABOUT_RETURN_TYPE = YES_ERROR;
				GCC_WARN_UNDECLARED_SELECTOR = YES;
				GCC_WARN_UNINITIALIZED_AUTOS = YES_AGGRESSIVE;
				GCC_WARN_UNUSED_FUNCTION = YES;
				GCC_WARN_UNUSED_VARIABLE = YES;
				IPHONEOS_DEPLOYMENT_TARGET = 13.1;
				MTL_ENABLE_DEBUG_INFO = INCLUDE_SOURCE;
				MTL_FAST_MATH = YES;
				ONLY_ACTIVE_ARCH = YES;
				SDKROOT = iphoneos;
				SWIFT_ACTIVE_COMPILATION_CONDITIONS = DEBUG;
				SWIFT_OPTIMIZATION_LEVEL = "-Onone";
			};
			name = Debug;
		};
		41FC6713235E21A70036D105 /* Release */ = {
			isa = XCBuildConfiguration;
			buildSettings = {
				ALWAYS_SEARCH_USER_PATHS = NO;
				CLANG_ANALYZER_NONNULL = YES;
				CLANG_ANALYZER_NUMBER_OBJECT_CONVERSION = YES_AGGRESSIVE;
				CLANG_CXX_LANGUAGE_STANDARD = "gnu++14";
				CLANG_CXX_LIBRARY = "libc++";
				CLANG_ENABLE_MODULES = YES;
				CLANG_ENABLE_OBJC_ARC = YES;
				CLANG_ENABLE_OBJC_WEAK = YES;
				CLANG_WARN_BLOCK_CAPTURE_AUTORELEASING = YES;
				CLANG_WARN_BOOL_CONVERSION = YES;
				CLANG_WARN_COMMA = YES;
				CLANG_WARN_CONSTANT_CONVERSION = YES;
				CLANG_WARN_DEPRECATED_OBJC_IMPLEMENTATIONS = YES;
				CLANG_WARN_DIRECT_OBJC_ISA_USAGE = YES_ERROR;
				CLANG_WARN_DOCUMENTATION_COMMENTS = YES;
				CLANG_WARN_EMPTY_BODY = YES;
				CLANG_WARN_ENUM_CONVERSION = YES;
				CLANG_WARN_INFINITE_RECURSION = YES;
				CLANG_WARN_INT_CONVERSION = YES;
				CLANG_WARN_NON_LITERAL_NULL_CONVERSION = YES;
				CLANG_WARN_OBJC_IMPLICIT_RETAIN_SELF = YES;
				CLANG_WARN_OBJC_LITERAL_CONVERSION = YES;
				CLANG_WARN_OBJC_ROOT_CLASS = YES_ERROR;
				CLANG_WARN_RANGE_LOOP_ANALYSIS = YES;
				CLANG_WARN_STRICT_PROTOTYPES = YES;
				CLANG_WARN_SUSPICIOUS_MOVE = YES;
				CLANG_WARN_UNGUARDED_AVAILABILITY = YES_AGGRESSIVE;
				CLANG_WARN_UNREACHABLE_CODE = YES;
				CLANG_WARN__DUPLICATE_METHOD_MATCH = YES;
				COPY_PHASE_STRIP = NO;
				DEBUG_INFORMATION_FORMAT = "dwarf-with-dsym";
				ENABLE_NS_ASSERTIONS = NO;
				ENABLE_STRICT_OBJC_MSGSEND = YES;
				GCC_C_LANGUAGE_STANDARD = gnu11;
				GCC_NO_COMMON_BLOCKS = YES;
				GCC_WARN_64_TO_32_BIT_CONVERSION = YES;
				GCC_WARN_ABOUT_RETURN_TYPE = YES_ERROR;
				GCC_WARN_UNDECLARED_SELECTOR = YES;
				GCC_WARN_UNINITIALIZED_AUTOS = YES_AGGRESSIVE;
				GCC_WARN_UNUSED_FUNCTION = YES;
				GCC_WARN_UNUSED_VARIABLE = YES;
				IPHONEOS_DEPLOYMENT_TARGET = 13.1;
				MTL_ENABLE_DEBUG_INFO = NO;
				MTL_FAST_MATH = YES;
				SDKROOT = iphoneos;
				SWIFT_COMPILATION_MODE = wholemodule;
				SWIFT_OPTIMIZATION_LEVEL = "-O";
				VALIDATE_PRODUCT = YES;
			};
			name = Release;
		};
		41FC6715235E21A70036D105 /* Debug */ = {
			isa = XCBuildConfiguration;
			baseConfigurationReference = F1A4A938B5BF7689712A92CD /* Pods-STS_IOSCodingChallenge.debug.xcconfig */;
			buildSettings = {
				ASSETCATALOG_COMPILER_APPICON_NAME = AppIcon;
				CODE_SIGN_STYLE = Automatic;
				DEVELOPMENT_TEAM = 8H43WHLB84;
				INFOPLIST_FILE = STS_IOSCodingChallenge/Info.plist;
				LD_RUNPATH_SEARCH_PATHS = (
					"$(inherited)",
					"@executable_path/Frameworks",
				);
				PRODUCT_BUNDLE_IDENTIFIER = "com.SShelton.STS-IOSCodingChallenge.STS-IOSCodingChallenge";
				PRODUCT_NAME = "$(TARGET_NAME)";
				SWIFT_VERSION = 5.0;
				TARGETED_DEVICE_FAMILY = "1,2";
			};
			name = Debug;
		};
		41FC6716235E21A70036D105 /* Release */ = {
			isa = XCBuildConfiguration;
			baseConfigurationReference = 187B2C792DC525CF3674BC8D /* Pods-STS_IOSCodingChallenge.release.xcconfig */;
			buildSettings = {
				ASSETCATALOG_COMPILER_APPICON_NAME = AppIcon;
				CODE_SIGN_STYLE = Automatic;
				DEVELOPMENT_TEAM = 8H43WHLB84;
				INFOPLIST_FILE = STS_IOSCodingChallenge/Info.plist;
				LD_RUNPATH_SEARCH_PATHS = (
					"$(inherited)",
					"@executable_path/Frameworks",
				);
				PRODUCT_BUNDLE_IDENTIFIER = "com.SShelton.STS-IOSCodingChallenge.STS-IOSCodingChallenge";
				PRODUCT_NAME = "$(TARGET_NAME)";
				SWIFT_VERSION = 5.0;
				TARGETED_DEVICE_FAMILY = "1,2";
			};
			name = Release;
		};
/* End XCBuildConfiguration section */

/* Begin XCConfigurationList section */
		41FC66FB235E21A60036D105 /* Build configuration list for PBXProject "STS_IOSCodingChallenge" */ = {
			isa = XCConfigurationList;
			buildConfigurations = (
				41FC6712235E21A70036D105 /* Debug */,
				41FC6713235E21A70036D105 /* Release */,
			);
			defaultConfigurationIsVisible = 0;
			defaultConfigurationName = Release;
		};
		41FC6714235E21A70036D105 /* Build configuration list for PBXNativeTarget "STS_IOSCodingChallenge" */ = {
			isa = XCConfigurationList;
			buildConfigurations = (
				41FC6715235E21A70036D105 /* Debug */,
				41FC6716235E21A70036D105 /* Release */,
			);
			defaultConfigurationIsVisible = 0;
			defaultConfigurationName = Release;
		};
/* End XCConfigurationList section */
	};
	rootObject = 41FC66F8235E21A60036D105 /* Project object */;
}
